
Microsoft Visual Studio Solution File, Format Version 12.00
# Visual Studio Version 17
VisualStudioVersion = 17.2.32630.192
MinimumVisualStudioVersion = 10.0.40219.1
Project("{9A19103F-16F7-4668-BE54-9A1E7A4F7556}") = "Explorando", "Explorando\Explorando.csproj", "{DCEB676A-1A21-458E-A547-9A1572971B61}"
EndProject
Project("{9A19103F-16F7-4668-BE54-9A1E7A4F7556}") = "criandoVariaveis.flutuates", "criandoVariaveis.flutuates\criandoVariaveis.flutuates.csproj", "{A0DEDE6D-92A7-424E-A071-E65B2DA1A6D0}"
EndProject
Project("{9A19103F-16F7-4668-BE54-9A1E7A4F7556}") = "ConversoesEOutros-tipos", "ConversoesEOutros-tipos\ConversoesEOutros-tipos.csproj", "{A156DA64-3B4A-4D2B-B391-7C2356B7EFD9}"
EndProject
Project("{9A19103F-16F7-4668-BE54-9A1E7A4F7556}") = "CaracteresETextos", "CaracteresETextos\CaracteresETextos.csproj", "{5971B36F-1C5B-43BA-9B31-6B86311DCDFD}"
EndProject
Project("{FAE04EC0-301F-11D3-BF4B-00C04F79EFBC}") = "atribuiçoesDeVariaveis", "atribuiçoesDeVariaveis\atribuiçoesDeVariaveis.csproj", "{0F7C617B-8DBD-42AE-BC02-7FA6EC8BD571}"
EndProject
Project("{FAE04EC0-301F-11D3-BF4B-00C04F79EFBC}") = "trabalhandoCondicionais", "trabalhandoCondicionais\trabalhandoCondicionais.csproj", "{4D8AC4F9-8C8A-4C35-A2E9-4514B0D7AF2F}"
EndProject
Project("{FAE04EC0-301F-11D3-BF4B-00C04F79EFBC}") = "treinoCondicionais", "treinoCondicionais\treinoCondicionais.csproj", "{E7D71010-F813-48DD-95C9-2796472101C5}"
EndProject
Project("{FAE04EC0-301F-11D3-BF4B-00C04F79EFBC}") = "excopo", "excopo\excopo.csproj", "{2AE09ED5-3821-48AB-A758-4DBCA9922F29}"
EndProject
Global
	GlobalSection(SolutionConfigurationPlatforms) = preSolution
		Debug|Any CPU = Debug|Any CPU
		Release|Any CPU = Release|Any CPU
	EndGlobalSection
	GlobalSection(ProjectConfigurationPlatforms) = postSolution
		{DCEB676A-1A21-458E-A547-9A1572971B61}.Debug|Any CPU.ActiveCfg = Debug|Any CPU
		{DCEB676A-1A21-458E-A547-9A1572971B61}.Debug|Any CPU.Build.0 = Debug|Any CPU
		{DCEB676A-1A21-458E-A547-9A1572971B61}.Release|Any CPU.ActiveCfg = Release|Any CPU
		{DCEB676A-1A21-458E-A547-9A1572971B61}.Release|Any CPU.Build.0 = Release|Any CPU
		{A0DEDE6D-92A7-424E-A071-E65B2DA1A6D0}.Debug|Any CPU.ActiveCfg = Debug|Any CPU
		{A0DEDE6D-92A7-424E-A071-E65B2DA1A6D0}.Debug|Any CPU.Build.0 = Debug|Any CPU
		{A0DEDE6D-92A7-424E-A071-E65B2DA1A6D0}.Release|Any CPU.ActiveCfg = Release|Any CPU
		{A0DEDE6D-92A7-424E-A071-E65B2DA1A6D0}.Release|Any CPU.Build.0 = Release|Any CPU
		{A156DA64-3B4A-4D2B-B391-7C2356B7EFD9}.Debug|Any CPU.ActiveCfg = Debug|Any CPU
		{A156DA64-3B4A-4D2B-B391-7C2356B7EFD9}.Debug|Any CPU.Build.0 = Debug|Any CPU
		{A156DA64-3B4A-4D2B-B391-7C2356B7EFD9}.Release|Any CPU.ActiveCfg = Release|Any CPU
		{A156DA64-3B4A-4D2B-B391-7C2356B7EFD9}.Release|Any CPU.Build.0 = Release|Any CPU
		{5971B36F-1C5B-43BA-9B31-6B86311DCDFD}.Debug|Any CPU.ActiveCfg = Debug|Any CPU
		{5971B36F-1C5B-43BA-9B31-6B86311DCDFD}.Debug|Any CPU.Build.0 = Debug|Any CPU
		{5971B36F-1C5B-43BA-9B31-6B86311DCDFD}.Release|Any CPU.ActiveCfg = Release|Any CPU
		{5971B36F-1C5B-43BA-9B31-6B86311DCDFD}.Release|Any CPU.Build.0 = Release|Any CPU
		{0F7C617B-8DBD-42AE-BC02-7FA6EC8BD571}.Debug|Any CPU.ActiveCfg = Debug|Any CPU
		{0F7C617B-8DBD-42AE-BC02-7FA6EC8BD571}.Debug|Any CPU.Build.0 = Debug|Any CPU
		{0F7C617B-8DBD-42AE-BC02-7FA6EC8BD571}.Release|Any CPU.ActiveCfg = Release|Any CPU
		{0F7C617B-8DBD-42AE-BC02-7FA6EC8BD571}.Release|Any CPU.Build.0 = Release|Any CPU
		{4D8AC4F9-8C8A-4C35-A2E9-4514B0D7AF2F}.Debug|Any CPU.ActiveCfg = Debug|Any CPU
		{4D8AC4F9-8C8A-4C35-A2E9-4514B0D7AF2F}.Debug|Any CPU.Build.0 = Debug|Any CPU
		{4D8AC4F9-8C8A-4C35-A2E9-4514B0D7AF2F}.Release|Any CPU.ActiveCfg = Release|Any CPU
		{4D8AC4F9-8C8A-4C35-A2E9-4514B0D7AF2F}.Release|Any CPU.Build.0 = Release|Any CPU
		{E7D71010-F813-48DD-95C9-2796472101C5}.Debug|Any CPU.ActiveCfg = Debug|Any CPU
		{E7D71010-F813-48DD-95C9-2796472101C5}.Debug|Any CPU.Build.0 = Debug|Any CPU
		{E7D71010-F813-48DD-95C9-2796472101C5}.Release|Any CPU.ActiveCfg = Release|Any CPU
		{E7D71010-F813-48DD-95C9-2796472101C5}.Release|Any CPU.Build.0 = Release|Any CPU
		{2AE09ED5-3821-48AB-A758-4DBCA9922F29}.Debug|Any CPU.ActiveCfg = Debug|Any CPU
		{2AE09ED5-3821-48AB-A758-4DBCA9922F29}.Debug|Any CPU.Build.0 = Debug|Any CPU
		{2AE09ED5-3821-48AB-A758-4DBCA9922F29}.Release|Any CPU.ActiveCfg = Release|Any CPU
		{2AE09ED5-3821-48AB-A758-4DBCA9922F29}.Release|Any CPU.Build.0 = Release|Any CPU
	EndGlobalSection
	GlobalSection(SolutionProperties) = preSolution
		HideSolutionNode = FALSE
	EndGlobalSection
	GlobalSection(ExtensibilityGlobals) = postSolution
		SolutionGuid = {A18D246C-E02B-4239-ACEF-2A90A61DAFA4}
	EndGlobalSection
EndGlobal
